
Microsoft Visual Studio Solution File, Format Version 12.00
# Visual Studio Version 17
VisualStudioVersion = 17.14.36623.8 d17.14
MinimumVisualStudioVersion = 10.0.40219.1
Project("{FAE04EC0-301F-11D3-BF4B-00C04F79EFBC}") = "DockerAndKubernetsWithCICD", "DockerAndKubernetsWithCICD\DockerAndKubernetsWithCICD.csproj", "{387F3BDD-16F6-46C2-B1F4-D9C1F6DE86AF}"
EndProject
Global
	GlobalSection(SolutionConfigurationPlatforms) = preSolution
		Debug|Any CPU = Debug|Any CPU
		Release|Any CPU = Release|Any CPU
	EndGlobalSection
	GlobalSection(ProjectConfigurationPlatforms) = postSolution
		{387F3BDD-16F6-46C2-B1F4-D9C1F6DE86AF}.Debug|Any CPU.ActiveCfg = Debug|Any CPU
		{387F3BDD-16F6-46C2-B1F4-D9C1F6DE86AF}.Debug|Any CPU.Build.0 = Debug|Any CPU
		{387F3BDD-16F6-46C2-B1F4-D9C1F6DE86AF}.Release|Any CPU.ActiveCfg = Release|Any CPU
		{387F3BDD-16F6-46C2-B1F4-D9C1F6DE86AF}.Release|Any CPU.Build.0 = Release|Any CPU
	EndGlobalSection
	GlobalSection(SolutionProperties) = preSolution
		HideSolutionNode = FALSE
	EndGlobalSection
	GlobalSection(ExtensibilityGlobals) = postSolution
		SolutionGuid = {94571808-5805-4072-A47D-C1B05297740F}
	EndGlobalSection
EndGlobal
